
Microsoft Visual Studio Solution File, Format Version 12.00
# Visual Studio Version 16
VisualStudioVersion = 16.0.29519.181
MinimumVisualStudioVersion = 10.0.40219.1
Project("{6EC3EE1D-3C4E-46DD-8F32-0CC8E7565705}") = "AocDay1", "AocDay1\AocDay1.fsproj", "{8CB42262-9329-43A1-AFFF-9C13FA028D3B}"
EndProject
Project("{6EC3EE1D-3C4E-46DD-8F32-0CC8E7565705}") = "AocDay2", "AocDay2\AocDay2.fsproj", "{3A88A316-49F6-485E-A763-3515D6872F18}"
EndProject
Project("{6EC3EE1D-3C4E-46DD-8F32-0CC8E7565705}") = "AocDay3", "AocDay3\AocDay3.fsproj", "{16ECCEA5-242A-4933-84F6-5C26E483FE16}"
EndProject
Project("{6EC3EE1D-3C4E-46DD-8F32-0CC8E7565705}") = "AocDay4", "AocDay4\AocDay4.fsproj", "{786495BE-4C55-4484-8045-C612AB829570}"
EndProject
Project("{6EC3EE1D-3C4E-46DD-8F32-0CC8E7565705}") = "AocDay5", "AocDay5\AocDay5.fsproj", "{AC9FCAB8-7CA3-4329-A676-CE7E122BE7FD}"
EndProject
Project("{6EC3EE1D-3C4E-46DD-8F32-0CC8E7565705}") = "AocDay6", "AocDay6\AocDay6.fsproj", "{6ADEBCC2-EB34-49DA-ACF4-F5860D3FFA06}"
EndProject
Project("{F2A71F9B-5D33-465A-A702-920D77279786}") = "AocDay7", "AocDay7\AocDay7.fsproj", "{420BAF7F-6C90-4F35-B154-1563BD63C224}"
EndProject
Global
	GlobalSection(SolutionConfigurationPlatforms) = preSolution
		Debug|Any CPU = Debug|Any CPU
		Release|Any CPU = Release|Any CPU
	EndGlobalSection
	GlobalSection(ProjectConfigurationPlatforms) = postSolution
		{8CB42262-9329-43A1-AFFF-9C13FA028D3B}.Debug|Any CPU.ActiveCfg = Debug|Any CPU
		{8CB42262-9329-43A1-AFFF-9C13FA028D3B}.Debug|Any CPU.Build.0 = Debug|Any CPU
		{8CB42262-9329-43A1-AFFF-9C13FA028D3B}.Release|Any CPU.ActiveCfg = Release|Any CPU
		{8CB42262-9329-43A1-AFFF-9C13FA028D3B}.Release|Any CPU.Build.0 = Release|Any CPU
		{3A88A316-49F6-485E-A763-3515D6872F18}.Debug|Any CPU.ActiveCfg = Debug|Any CPU
		{3A88A316-49F6-485E-A763-3515D6872F18}.Debug|Any CPU.Build.0 = Debug|Any CPU
		{3A88A316-49F6-485E-A763-3515D6872F18}.Release|Any CPU.ActiveCfg = Release|Any CPU
		{3A88A316-49F6-485E-A763-3515D6872F18}.Release|Any CPU.Build.0 = Release|Any CPU
		{16ECCEA5-242A-4933-84F6-5C26E483FE16}.Debug|Any CPU.ActiveCfg = Debug|Any CPU
		{16ECCEA5-242A-4933-84F6-5C26E483FE16}.Debug|Any CPU.Build.0 = Debug|Any CPU
		{16ECCEA5-242A-4933-84F6-5C26E483FE16}.Release|Any CPU.ActiveCfg = Release|Any CPU
		{16ECCEA5-242A-4933-84F6-5C26E483FE16}.Release|Any CPU.Build.0 = Release|Any CPU
		{786495BE-4C55-4484-8045-C612AB829570}.Debug|Any CPU.ActiveCfg = Debug|Any CPU
		{786495BE-4C55-4484-8045-C612AB829570}.Debug|Any CPU.Build.0 = Debug|Any CPU
		{786495BE-4C55-4484-8045-C612AB829570}.Release|Any CPU.ActiveCfg = Release|Any CPU
		{786495BE-4C55-4484-8045-C612AB829570}.Release|Any CPU.Build.0 = Release|Any CPU
		{AC9FCAB8-7CA3-4329-A676-CE7E122BE7FD}.Debug|Any CPU.ActiveCfg = Debug|Any CPU
		{AC9FCAB8-7CA3-4329-A676-CE7E122BE7FD}.Debug|Any CPU.Build.0 = Debug|Any CPU
		{AC9FCAB8-7CA3-4329-A676-CE7E122BE7FD}.Release|Any CPU.ActiveCfg = Release|Any CPU
		{AC9FCAB8-7CA3-4329-A676-CE7E122BE7FD}.Release|Any CPU.Build.0 = Release|Any CPU
		{6ADEBCC2-EB34-49DA-ACF4-F5860D3FFA06}.Debug|Any CPU.ActiveCfg = Debug|Any CPU
		{6ADEBCC2-EB34-49DA-ACF4-F5860D3FFA06}.Debug|Any CPU.Build.0 = Debug|Any CPU
		{6ADEBCC2-EB34-49DA-ACF4-F5860D3FFA06}.Release|Any CPU.ActiveCfg = Release|Any CPU
		{6ADEBCC2-EB34-49DA-ACF4-F5860D3FFA06}.Release|Any CPU.Build.0 = Release|Any CPU
		{420BAF7F-6C90-4F35-B154-1563BD63C224}.Debug|Any CPU.ActiveCfg = Debug|Any CPU
		{420BAF7F-6C90-4F35-B154-1563BD63C224}.Debug|Any CPU.Build.0 = Debug|Any CPU
		{420BAF7F-6C90-4F35-B154-1563BD63C224}.Release|Any CPU.ActiveCfg = Release|Any CPU
		{420BAF7F-6C90-4F35-B154-1563BD63C224}.Release|Any CPU.Build.0 = Release|Any CPU
	EndGlobalSection
	GlobalSection(SolutionProperties) = preSolution
		HideSolutionNode = FALSE
	EndGlobalSection
	GlobalSection(ExtensibilityGlobals) = postSolution
		SolutionGuid = {3AD455B5-80C7-4838-8C7C-39E7FF9B1ED7}
	EndGlobalSection
EndGlobal
