
Microsoft Visual Studio Solution File, Format Version 12.00
# Visual Studio Version 17
VisualStudioVersion = 17.0.31903.59
MinimumVisualStudioVersion = 10.0.40219.1
Project("{2150E333-8FDC-42A3-9474-1A3956D46DE8}") = "Solution Items", "Solution Items", "{07D6669C-2612-4C00-A614-BFC95FFD538A}"
	ProjectSection(SolutionItems) = preProject
		.editorconfig = .editorconfig
		.gitattributes = .gitattributes
		.gitignore = .gitignore
		LICENSE = LICENSE
		README.md = README.md
	EndProjectSection
EndProject
Project("{6EC3EE1D-3C4E-46DD-8F32-0CC8E7565705}") = "Aoc.Day01", "Aoc.Day01\Aoc.Day01.fsproj", "{F8874C8D-4974-4CA9-ABEC-266A391FCD6F}"
EndProject
Project("{6EC3EE1D-3C4E-46DD-8F32-0CC8E7565705}") = "Aoc.Day02", "Aoc.Day02\Aoc.Day02.fsproj", "{15317D05-1D9D-45FF-BF34-899D55F0F5F5}"
EndProject
Project("{6EC3EE1D-3C4E-46DD-8F32-0CC8E7565705}") = "Aoc.Day03", "Aoc.Day03\Aoc.Day03.fsproj", "{2996F964-ED7B-487C-9D2D-5CA91162D67E}"
EndProject
Project("{6EC3EE1D-3C4E-46DD-8F32-0CC8E7565705}") = "Aoc.Day04", "Aoc.Day04\Aoc.Day04.fsproj", "{A5066370-8201-4259-AE86-BE42F5F884BD}"
EndProject
Project("{6EC3EE1D-3C4E-46DD-8F32-0CC8E7565705}") = "Aoc.Day05", "Aoc.Day05\Aoc.Day05.fsproj", "{5F3D2F87-B9DB-426B-8DB3-ABEAC9E16833}"
EndProject
Project("{6EC3EE1D-3C4E-46DD-8F32-0CC8E7565705}") = "Aoc.Day06", "Aoc.Day06\Aoc.Day06.fsproj", "{66F5413F-9DCE-44AC-B3AC-5587B7F71108}"
EndProject
Project("{6EC3EE1D-3C4E-46DD-8F32-0CC8E7565705}") = "Aoc.Day07", "Aoc.Day07\Aoc.Day07.fsproj", "{2B9AF568-3E70-446B-877F-FCA677347D6F}"
EndProject
Project("{6EC3EE1D-3C4E-46DD-8F32-0CC8E7565705}") = "Aoc.Day08", "Aoc.Day08\Aoc.Day08.fsproj", "{5F53B6F2-2C45-48AC-99FB-8B811A7823DC}"
EndProject
Project("{6EC3EE1D-3C4E-46DD-8F32-0CC8E7565705}") = "Aoc.Day09", "Aoc.Day09\Aoc.Day09.fsproj", "{BA9997E6-0210-42AA-9ED6-C71E1CAE8803}"
EndProject
Project("{6EC3EE1D-3C4E-46DD-8F32-0CC8E7565705}") = "Aoc.Day10", "Aoc.Day10\Aoc.Day10.fsproj", "{6095F6EC-0112-49D7-83CE-6357BEB38800}"
EndProject
Project("{6EC3EE1D-3C4E-46DD-8F32-0CC8E7565705}") = "Aoc.Day11", "Aoc.Day11\Aoc.Day11.fsproj", "{34DBECBF-E1F3-483F-906A-5E9E40853DFA}"
EndProject
Project("{6EC3EE1D-3C4E-46DD-8F32-0CC8E7565705}") = "Aoc.Day12", "Aoc.Day12\Aoc.Day12.fsproj", "{80ECA1B1-F11C-4F39-86F1-8AE2FD26E6BF}"
EndProject
Project("{6EC3EE1D-3C4E-46DD-8F32-0CC8E7565705}") = "Aoc.Day13", "Aoc.Day13\Aoc.Day13.fsproj", "{1B5A5FBA-D91E-4C19-92F6-F72C72AAE7D0}"
EndProject
Project("{6EC3EE1D-3C4E-46DD-8F32-0CC8E7565705}") = "Aoc.Day14", "Aoc.Day14\Aoc.Day14.fsproj", "{405947CB-3EEB-4987-863C-9CFCA335D68D}"
EndProject
Project("{6EC3EE1D-3C4E-46DD-8F32-0CC8E7565705}") = "Aoc.Day15", "Aoc.Day15\Aoc.Day15.fsproj", "{2753E4BF-7B1A-4820-8917-BA7218BD9149}"
EndProject
Project("{6EC3EE1D-3C4E-46DD-8F32-0CC8E7565705}") = "Aoc.Day16", "Aoc.Day16\Aoc.Day16.fsproj", "{A5DE1FC4-A232-4836-90B7-2DE57DC7CF3B}"
EndProject
Project("{6EC3EE1D-3C4E-46DD-8F32-0CC8E7565705}") = "Aoc.Day17", "Aoc.Day17\Aoc.Day17.fsproj", "{AE46076D-F297-468B-9E1F-E7BE201332C7}"
EndProject
Project("{6EC3EE1D-3C4E-46DD-8F32-0CC8E7565705}") = "Aoc.Day18", "Aoc.Day18\Aoc.Day18.fsproj", "{65FE3EED-0EE3-412D-97F0-104E2EE0F57D}"
EndProject
Project("{6EC3EE1D-3C4E-46DD-8F32-0CC8E7565705}") = "Aoc.Day19", "Aoc.Day19\Aoc.Day19.fsproj", "{32DCD1E6-0A5F-4C29-8EAF-EDCD33CBDE57}"
EndProject
Project("{6EC3EE1D-3C4E-46DD-8F32-0CC8E7565705}") = "Aoc.Day20", "Aoc.Day20\Aoc.Day20.fsproj", "{3077B677-A779-44B2-A4EC-32F007F7B054}"
EndProject
Project("{F2A71F9B-5D33-465A-A702-920D77279786}") = "Aoc.Day21", "Aoc.Day21\Aoc.Day21.fsproj", "{9E7A8DE7-5C5B-43F6-AE31-E58223526ED8}"
EndProject
Global
	GlobalSection(SolutionConfigurationPlatforms) = preSolution
		Debug|Any CPU = Debug|Any CPU
		Release|Any CPU = Release|Any CPU
	EndGlobalSection
	GlobalSection(ProjectConfigurationPlatforms) = postSolution
		{F8874C8D-4974-4CA9-ABEC-266A391FCD6F}.Debug|Any CPU.ActiveCfg = Debug|Any CPU
		{F8874C8D-4974-4CA9-ABEC-266A391FCD6F}.Debug|Any CPU.Build.0 = Debug|Any CPU
		{F8874C8D-4974-4CA9-ABEC-266A391FCD6F}.Release|Any CPU.ActiveCfg = Release|Any CPU
		{F8874C8D-4974-4CA9-ABEC-266A391FCD6F}.Release|Any CPU.Build.0 = Release|Any CPU
		{15317D05-1D9D-45FF-BF34-899D55F0F5F5}.Debug|Any CPU.ActiveCfg = Debug|Any CPU
		{15317D05-1D9D-45FF-BF34-899D55F0F5F5}.Debug|Any CPU.Build.0 = Debug|Any CPU
		{15317D05-1D9D-45FF-BF34-899D55F0F5F5}.Release|Any CPU.ActiveCfg = Release|Any CPU
		{15317D05-1D9D-45FF-BF34-899D55F0F5F5}.Release|Any CPU.Build.0 = Release|Any CPU
		{2996F964-ED7B-487C-9D2D-5CA91162D67E}.Debug|Any CPU.ActiveCfg = Debug|Any CPU
		{2996F964-ED7B-487C-9D2D-5CA91162D67E}.Debug|Any CPU.Build.0 = Debug|Any CPU
		{2996F964-ED7B-487C-9D2D-5CA91162D67E}.Release|Any CPU.ActiveCfg = Release|Any CPU
		{2996F964-ED7B-487C-9D2D-5CA91162D67E}.Release|Any CPU.Build.0 = Release|Any CPU
		{A5066370-8201-4259-AE86-BE42F5F884BD}.Debug|Any CPU.ActiveCfg = Debug|Any CPU
		{A5066370-8201-4259-AE86-BE42F5F884BD}.Debug|Any CPU.Build.0 = Debug|Any CPU
		{A5066370-8201-4259-AE86-BE42F5F884BD}.Release|Any CPU.ActiveCfg = Release|Any CPU
		{A5066370-8201-4259-AE86-BE42F5F884BD}.Release|Any CPU.Build.0 = Release|Any CPU
		{5F3D2F87-B9DB-426B-8DB3-ABEAC9E16833}.Debug|Any CPU.ActiveCfg = Debug|Any CPU
		{5F3D2F87-B9DB-426B-8DB3-ABEAC9E16833}.Debug|Any CPU.Build.0 = Debug|Any CPU
		{5F3D2F87-B9DB-426B-8DB3-ABEAC9E16833}.Release|Any CPU.ActiveCfg = Release|Any CPU
		{5F3D2F87-B9DB-426B-8DB3-ABEAC9E16833}.Release|Any CPU.Build.0 = Release|Any CPU
		{66F5413F-9DCE-44AC-B3AC-5587B7F71108}.Debug|Any CPU.ActiveCfg = Debug|Any CPU
		{66F5413F-9DCE-44AC-B3AC-5587B7F71108}.Debug|Any CPU.Build.0 = Debug|Any CPU
		{66F5413F-9DCE-44AC-B3AC-5587B7F71108}.Release|Any CPU.ActiveCfg = Release|Any CPU
		{66F5413F-9DCE-44AC-B3AC-5587B7F71108}.Release|Any CPU.Build.0 = Release|Any CPU
		{2B9AF568-3E70-446B-877F-FCA677347D6F}.Debug|Any CPU.ActiveCfg = Debug|Any CPU
		{2B9AF568-3E70-446B-877F-FCA677347D6F}.Debug|Any CPU.Build.0 = Debug|Any CPU
		{2B9AF568-3E70-446B-877F-FCA677347D6F}.Release|Any CPU.ActiveCfg = Release|Any CPU
		{2B9AF568-3E70-446B-877F-FCA677347D6F}.Release|Any CPU.Build.0 = Release|Any CPU
		{5F53B6F2-2C45-48AC-99FB-8B811A7823DC}.Debug|Any CPU.ActiveCfg = Debug|Any CPU
		{5F53B6F2-2C45-48AC-99FB-8B811A7823DC}.Debug|Any CPU.Build.0 = Debug|Any CPU
		{5F53B6F2-2C45-48AC-99FB-8B811A7823DC}.Release|Any CPU.ActiveCfg = Release|Any CPU
		{5F53B6F2-2C45-48AC-99FB-8B811A7823DC}.Release|Any CPU.Build.0 = Release|Any CPU
		{BA9997E6-0210-42AA-9ED6-C71E1CAE8803}.Debug|Any CPU.ActiveCfg = Debug|Any CPU
		{BA9997E6-0210-42AA-9ED6-C71E1CAE8803}.Debug|Any CPU.Build.0 = Debug|Any CPU
		{BA9997E6-0210-42AA-9ED6-C71E1CAE8803}.Release|Any CPU.ActiveCfg = Release|Any CPU
		{BA9997E6-0210-42AA-9ED6-C71E1CAE8803}.Release|Any CPU.Build.0 = Release|Any CPU
		{6095F6EC-0112-49D7-83CE-6357BEB38800}.Debug|Any CPU.ActiveCfg = Debug|Any CPU
		{6095F6EC-0112-49D7-83CE-6357BEB38800}.Debug|Any CPU.Build.0 = Debug|Any CPU
		{6095F6EC-0112-49D7-83CE-6357BEB38800}.Release|Any CPU.ActiveCfg = Release|Any CPU
		{6095F6EC-0112-49D7-83CE-6357BEB38800}.Release|Any CPU.Build.0 = Release|Any CPU
		{34DBECBF-E1F3-483F-906A-5E9E40853DFA}.Debug|Any CPU.ActiveCfg = Debug|Any CPU
		{34DBECBF-E1F3-483F-906A-5E9E40853DFA}.Debug|Any CPU.Build.0 = Debug|Any CPU
		{34DBECBF-E1F3-483F-906A-5E9E40853DFA}.Release|Any CPU.ActiveCfg = Release|Any CPU
		{34DBECBF-E1F3-483F-906A-5E9E40853DFA}.Release|Any CPU.Build.0 = Release|Any CPU
		{80ECA1B1-F11C-4F39-86F1-8AE2FD26E6BF}.Debug|Any CPU.ActiveCfg = Debug|Any CPU
		{80ECA1B1-F11C-4F39-86F1-8AE2FD26E6BF}.Debug|Any CPU.Build.0 = Debug|Any CPU
		{80ECA1B1-F11C-4F39-86F1-8AE2FD26E6BF}.Release|Any CPU.ActiveCfg = Release|Any CPU
		{80ECA1B1-F11C-4F39-86F1-8AE2FD26E6BF}.Release|Any CPU.Build.0 = Release|Any CPU
		{1B5A5FBA-D91E-4C19-92F6-F72C72AAE7D0}.Debug|Any CPU.ActiveCfg = Debug|Any CPU
		{1B5A5FBA-D91E-4C19-92F6-F72C72AAE7D0}.Debug|Any CPU.Build.0 = Debug|Any CPU
		{1B5A5FBA-D91E-4C19-92F6-F72C72AAE7D0}.Release|Any CPU.ActiveCfg = Release|Any CPU
		{1B5A5FBA-D91E-4C19-92F6-F72C72AAE7D0}.Release|Any CPU.Build.0 = Release|Any CPU
		{405947CB-3EEB-4987-863C-9CFCA335D68D}.Debug|Any CPU.ActiveCfg = Debug|Any CPU
		{405947CB-3EEB-4987-863C-9CFCA335D68D}.Debug|Any CPU.Build.0 = Debug|Any CPU
		{405947CB-3EEB-4987-863C-9CFCA335D68D}.Release|Any CPU.ActiveCfg = Release|Any CPU
		{405947CB-3EEB-4987-863C-9CFCA335D68D}.Release|Any CPU.Build.0 = Release|Any CPU
		{2753E4BF-7B1A-4820-8917-BA7218BD9149}.Debug|Any CPU.ActiveCfg = Debug|Any CPU
		{2753E4BF-7B1A-4820-8917-BA7218BD9149}.Debug|Any CPU.Build.0 = Debug|Any CPU
		{2753E4BF-7B1A-4820-8917-BA7218BD9149}.Release|Any CPU.ActiveCfg = Release|Any CPU
		{2753E4BF-7B1A-4820-8917-BA7218BD9149}.Release|Any CPU.Build.0 = Release|Any CPU
		{A5DE1FC4-A232-4836-90B7-2DE57DC7CF3B}.Debug|Any CPU.ActiveCfg = Debug|Any CPU
		{A5DE1FC4-A232-4836-90B7-2DE57DC7CF3B}.Debug|Any CPU.Build.0 = Debug|Any CPU
		{A5DE1FC4-A232-4836-90B7-2DE57DC7CF3B}.Release|Any CPU.ActiveCfg = Release|Any CPU
		{A5DE1FC4-A232-4836-90B7-2DE57DC7CF3B}.Release|Any CPU.Build.0 = Release|Any CPU
		{AE46076D-F297-468B-9E1F-E7BE201332C7}.Debug|Any CPU.ActiveCfg = Debug|Any CPU
		{AE46076D-F297-468B-9E1F-E7BE201332C7}.Debug|Any CPU.Build.0 = Debug|Any CPU
		{AE46076D-F297-468B-9E1F-E7BE201332C7}.Release|Any CPU.ActiveCfg = Release|Any CPU
		{AE46076D-F297-468B-9E1F-E7BE201332C7}.Release|Any CPU.Build.0 = Release|Any CPU
		{65FE3EED-0EE3-412D-97F0-104E2EE0F57D}.Debug|Any CPU.ActiveCfg = Debug|Any CPU
		{65FE3EED-0EE3-412D-97F0-104E2EE0F57D}.Debug|Any CPU.Build.0 = Debug|Any CPU
		{65FE3EED-0EE3-412D-97F0-104E2EE0F57D}.Release|Any CPU.ActiveCfg = Release|Any CPU
		{65FE3EED-0EE3-412D-97F0-104E2EE0F57D}.Release|Any CPU.Build.0 = Release|Any CPU
		{32DCD1E6-0A5F-4C29-8EAF-EDCD33CBDE57}.Debug|Any CPU.ActiveCfg = Debug|Any CPU
		{32DCD1E6-0A5F-4C29-8EAF-EDCD33CBDE57}.Debug|Any CPU.Build.0 = Debug|Any CPU
		{32DCD1E6-0A5F-4C29-8EAF-EDCD33CBDE57}.Release|Any CPU.ActiveCfg = Release|Any CPU
		{32DCD1E6-0A5F-4C29-8EAF-EDCD33CBDE57}.Release|Any CPU.Build.0 = Release|Any CPU
		{3077B677-A779-44B2-A4EC-32F007F7B054}.Debug|Any CPU.ActiveCfg = Debug|Any CPU
		{3077B677-A779-44B2-A4EC-32F007F7B054}.Debug|Any CPU.Build.0 = Debug|Any CPU
		{3077B677-A779-44B2-A4EC-32F007F7B054}.Release|Any CPU.ActiveCfg = Release|Any CPU
		{3077B677-A779-44B2-A4EC-32F007F7B054}.Release|Any CPU.Build.0 = Release|Any CPU
		{9E7A8DE7-5C5B-43F6-AE31-E58223526ED8}.Debug|Any CPU.ActiveCfg = Debug|Any CPU
		{9E7A8DE7-5C5B-43F6-AE31-E58223526ED8}.Debug|Any CPU.Build.0 = Debug|Any CPU
		{9E7A8DE7-5C5B-43F6-AE31-E58223526ED8}.Release|Any CPU.ActiveCfg = Release|Any CPU
		{9E7A8DE7-5C5B-43F6-AE31-E58223526ED8}.Release|Any CPU.Build.0 = Release|Any CPU
	EndGlobalSection
	GlobalSection(SolutionProperties) = preSolution
		HideSolutionNode = FALSE
	EndGlobalSection
	GlobalSection(ExtensibilityGlobals) = postSolution
		SolutionGuid = {58209B05-8594-4A47-9FBF-86E716FAEF93}
	EndGlobalSection
EndGlobal
