
Microsoft Visual Studio Solution File, Format Version 12.00
# Visual Studio Version 16
VisualStudioVersion = 16.0.31624.102
MinimumVisualStudioVersion = 10.0.40219.1
Project("{6EC3EE1D-3C4E-46DD-8F32-0CC8E7565705}") = "Aoc.Day01", "Aoc.Day01\Aoc.Day01.fsproj", "{F8874C8D-4974-4CA9-ABEC-266A391FCD6F}"
EndProject
Project("{2150E333-8FDC-42A3-9474-1A3956D46DE8}") = "Solution Items", "Solution Items", "{07D6669C-2612-4C00-A614-BFC95FFD538A}"
	ProjectSection(SolutionItems) = preProject
		.editorconfig = .editorconfig
		.gitattributes = .gitattributes
		.gitignore = .gitignore
		global.json = global.json
		LICENSE = LICENSE
		README.md = README.md
	EndProjectSection
EndProject
Project("{6EC3EE1D-3C4E-46DD-8F32-0CC8E7565705}") = "Aoc.Day02", "Aoc.Day02\Aoc.Day02.fsproj", "{15317D05-1D9D-45FF-BF34-899D55F0F5F5}"
EndProject
Project("{6EC3EE1D-3C4E-46DD-8F32-0CC8E7565705}") = "Aoc.Day03", "Aoc.Day03\Aoc.Day03.fsproj", "{2996F964-ED7B-487C-9D2D-5CA91162D67E}"
EndProject
Project("{6EC3EE1D-3C4E-46DD-8F32-0CC8E7565705}") = "Aoc.Day04", "Aoc.Day04\Aoc.Day04.fsproj", "{A5066370-8201-4259-AE86-BE42F5F884BD}"
EndProject
Project("{6EC3EE1D-3C4E-46DD-8F32-0CC8E7565705}") = "Aoc.Day05", "Aoc.Day05\Aoc.Day05.fsproj", "{5F3D2F87-B9DB-426B-8DB3-ABEAC9E16833}"
EndProject
Project("{F2A71F9B-5D33-465A-A702-920D77279786}") = "Aoc.Day06", "Aoc.Day06\Aoc.Day06.fsproj", "{66F5413F-9DCE-44AC-B3AC-5587B7F71108}"
EndProject
Global
	GlobalSection(SolutionConfigurationPlatforms) = preSolution
		Debug|Any CPU = Debug|Any CPU
		Release|Any CPU = Release|Any CPU
	EndGlobalSection
	GlobalSection(ProjectConfigurationPlatforms) = postSolution
		{F8874C8D-4974-4CA9-ABEC-266A391FCD6F}.Debug|Any CPU.ActiveCfg = Debug|Any CPU
		{F8874C8D-4974-4CA9-ABEC-266A391FCD6F}.Debug|Any CPU.Build.0 = Debug|Any CPU
		{F8874C8D-4974-4CA9-ABEC-266A391FCD6F}.Release|Any CPU.ActiveCfg = Release|Any CPU
		{F8874C8D-4974-4CA9-ABEC-266A391FCD6F}.Release|Any CPU.Build.0 = Release|Any CPU
		{15317D05-1D9D-45FF-BF34-899D55F0F5F5}.Debug|Any CPU.ActiveCfg = Debug|Any CPU
		{15317D05-1D9D-45FF-BF34-899D55F0F5F5}.Debug|Any CPU.Build.0 = Debug|Any CPU
		{15317D05-1D9D-45FF-BF34-899D55F0F5F5}.Release|Any CPU.ActiveCfg = Release|Any CPU
		{15317D05-1D9D-45FF-BF34-899D55F0F5F5}.Release|Any CPU.Build.0 = Release|Any CPU
		{2996F964-ED7B-487C-9D2D-5CA91162D67E}.Debug|Any CPU.ActiveCfg = Debug|Any CPU
		{2996F964-ED7B-487C-9D2D-5CA91162D67E}.Debug|Any CPU.Build.0 = Debug|Any CPU
		{2996F964-ED7B-487C-9D2D-5CA91162D67E}.Release|Any CPU.ActiveCfg = Release|Any CPU
		{2996F964-ED7B-487C-9D2D-5CA91162D67E}.Release|Any CPU.Build.0 = Release|Any CPU
		{A5066370-8201-4259-AE86-BE42F5F884BD}.Debug|Any CPU.ActiveCfg = Debug|Any CPU
		{A5066370-8201-4259-AE86-BE42F5F884BD}.Debug|Any CPU.Build.0 = Debug|Any CPU
		{A5066370-8201-4259-AE86-BE42F5F884BD}.Release|Any CPU.ActiveCfg = Release|Any CPU
		{A5066370-8201-4259-AE86-BE42F5F884BD}.Release|Any CPU.Build.0 = Release|Any CPU
		{5F3D2F87-B9DB-426B-8DB3-ABEAC9E16833}.Debug|Any CPU.ActiveCfg = Debug|Any CPU
		{5F3D2F87-B9DB-426B-8DB3-ABEAC9E16833}.Debug|Any CPU.Build.0 = Debug|Any CPU
		{5F3D2F87-B9DB-426B-8DB3-ABEAC9E16833}.Release|Any CPU.ActiveCfg = Release|Any CPU
		{5F3D2F87-B9DB-426B-8DB3-ABEAC9E16833}.Release|Any CPU.Build.0 = Release|Any CPU
		{66F5413F-9DCE-44AC-B3AC-5587B7F71108}.Debug|Any CPU.ActiveCfg = Debug|Any CPU
		{66F5413F-9DCE-44AC-B3AC-5587B7F71108}.Debug|Any CPU.Build.0 = Debug|Any CPU
		{66F5413F-9DCE-44AC-B3AC-5587B7F71108}.Release|Any CPU.ActiveCfg = Release|Any CPU
		{66F5413F-9DCE-44AC-B3AC-5587B7F71108}.Release|Any CPU.Build.0 = Release|Any CPU
	EndGlobalSection
	GlobalSection(SolutionProperties) = preSolution
		HideSolutionNode = FALSE
	EndGlobalSection
	GlobalSection(ExtensibilityGlobals) = postSolution
		SolutionGuid = {58209B05-8594-4A47-9FBF-86E716FAEF93}
	EndGlobalSection
EndGlobal
